
Microsoft Visual Studio Solution File, Format Version 12.00
# Visual Studio Version 17
VisualStudioVersion = 17.11.35219.272
MinimumVisualStudioVersion = 10.0.40219.1
Project("{FAE04EC0-301F-11D3-BF4B-00C04F79EFBC}") = "EMployeeManagementWithoutEntity", "EMployeeManagementWithoutEntity\EMployeeManagementWithoutEntity.csproj", "{7B44EF0B-023A-4DAE-AF5B-7A3F73C7EDC1}"
EndProject
Global
	GlobalSection(SolutionConfigurationPlatforms) = preSolution
		Debug|Any CPU = Debug|Any CPU
		Release|Any CPU = Release|Any CPU
	EndGlobalSection
	GlobalSection(ProjectConfigurationPlatforms) = postSolution
		{7B44EF0B-023A-4DAE-AF5B-7A3F73C7EDC1}.Debug|Any CPU.ActiveCfg = Debug|Any CPU
		{7B44EF0B-023A-4DAE-AF5B-7A3F73C7EDC1}.Debug|Any CPU.Build.0 = Debug|Any CPU
		{7B44EF0B-023A-4DAE-AF5B-7A3F73C7EDC1}.Release|Any CPU.ActiveCfg = Release|Any CPU
		{7B44EF0B-023A-4DAE-AF5B-7A3F73C7EDC1}.Release|Any CPU.Build.0 = Release|Any CPU
	EndGlobalSection
	GlobalSection(SolutionProperties) = preSolution
		HideSolutionNode = FALSE
	EndGlobalSection
	GlobalSection(ExtensibilityGlobals) = postSolution
		SolutionGuid = {E992A6BF-3E64-43B0-8D2E-0842790D7E5B}
	EndGlobalSection
EndGlobal
